
Microsoft Visual Studio Solution File, Format Version 12.00
# Visual Studio Version 17
VisualStudioVersion = 17.14.37216.2
MinimumVisualStudioVersion = 10.0.40219.1
Project("{2150E333-8FDC-42A3-9474-1A3956D46DE8}") = "src", "src", "{02EA681E-C7D8-13C7-8484-4AC65E1B71E8}"
EndProject
Project("{2150E333-8FDC-42A3-9474-1A3956D46DE8}") = "Infrastructure", "Infrastructure", "{AC259F21-6DEC-4837-A07A-208D8D3079E3}"
EndProject
Project("{2150E333-8FDC-42A3-9474-1A3956D46DE8}") = "Presentation", "Presentation", "{F0C73031-DB58-4A82-93F6-48EEE0381CBD}"
EndProject
Project("{2150E333-8FDC-42A3-9474-1A3956D46DE8}") = "Tests", "Tests", "{3458B760-73AA-4E53-98A6-8192C227E69A}"
EndProject
Project("{2150E333-8FDC-42A3-9474-1A3956D46DE8}") = "Core", "Core", "{F7CB0B49-23C8-4A46-ADDD-134583A1BACF}"
EndProject
Project("{FAE04EC0-301F-11D3-BF4B-00C04F79EFBC}") = "IslaNova.Core.Domain", "IslaNova.Core.Domain\IslaNova.Core.Domain.csproj", "{C534BA3D-5CE3-4F13-B25E-FB6073C19273}"
EndProject
Project("{FAE04EC0-301F-11D3-BF4B-00C04F79EFBC}") = "IslaNova.Core.Application", "IslaNova.Core.Application\IslaNova.Core.Application.csproj", "{7C3204DD-F7C3-4DAB-9D88-B07B380BABD4}"
EndProject
Project("{FAE04EC0-301F-11D3-BF4B-00C04F79EFBC}") = "IslaNova.Infrastructure.Identity", "IslaNova.Infrastructure.Identity\IslaNova.Infrastructure.Identity.csproj", "{88E8B131-0A9D-4BDE-9ECE-55FCFDB5F62F}"
EndProject
Project("{FAE04EC0-301F-11D3-BF4B-00C04F79EFBC}") = "IslaNova.Infrastructure.Persistence", "IslaNova.Infrastructure.Persistence\IslaNova.Infrastructure.Persistence.csproj", "{F9662147-08AE-4E23-8194-351F67032009}"
EndProject
Project("{FAE04EC0-301F-11D3-BF4B-00C04F79EFBC}") = "IslaNova.Infrastructure.Shared", "IslaNova.Infrastructure.Shared\IslaNova.Infrastructure.Shared.csproj", "{D3F1B9B4-6F97-4841-ADB9-65188E95FB4D}"
EndProject
Project("{2150E333-8FDC-42A3-9474-1A3956D46DE8}") = "WebApi", "WebApi", "{77C0D819-B13A-4B85-9F06-751612CEBDC4}"
EndProject
Project("{FAE04EC0-301F-11D3-BF4B-00C04F79EFBC}") = "IslaNova.WebApi", "IslaNova.WebApi\IslaNova.WebApi.csproj", "{C2D38D3E-B6A8-4F5D-A34E-227134F11607}"
EndProject
Project("{FAE04EC0-301F-11D3-BF4B-00C04F79EFBC}") = "IslaNova.Tests.IntegrationTests", "IslaNova.Tests.IntegrationTests\IslaNova.Tests.IntegrationTests.csproj", "{1899A528-6616-484B-8A93-5CD43E33A4B8}"
EndProject
Project("{FAE04EC0-301F-11D3-BF4B-00C04F79EFBC}") = "IslaNova.Tests.UnitTests", "IslaNova.Tests.UnitTests\IslaNova.Tests.UnitTests.csproj", "{8FC5B9C1-5B5C-4B0D-9485-1E100807E888}"
EndProject
Project("{2150E333-8FDC-42A3-9474-1A3956D46DE8}") = "Infrastructure", "Infrastructure", "{DFEE68D8-A7D0-1A41-506C-9B74AA9A7B7B}"
EndProject
Project("{FAE04EC0-301F-11D3-BF4B-00C04F79EFBC}") = "IslaNova.Infrastructure.AI", "IslaNova.Infrastructure.AI\IslaNova.Infrastructure.AI.csproj", "{BA466B5D-0E51-4566-8013-04375DC192BE}"
EndProject
Global
	GlobalSection(SolutionConfigurationPlatforms) = preSolution
		Debug|Any CPU = Debug|Any CPU
		Debug|x64 = Debug|x64
		Debug|x86 = Debug|x86
		Release|Any CPU = Release|Any CPU
		Release|x64 = Release|x64
		Release|x86 = Release|x86
	EndGlobalSection
	GlobalSection(ProjectConfigurationPlatforms) = postSolution
		{C534BA3D-5CE3-4F13-B25E-FB6073C19273}.Debug|Any CPU.ActiveCfg = Debug|Any CPU
		{C534BA3D-5CE3-4F13-B25E-FB6073C19273}.Debug|Any CPU.Build.0 = Debug|Any CPU
		{C534BA3D-5CE3-4F13-B25E-FB6073C19273}.Debug|x64.ActiveCfg = Debug|Any CPU
		{C534BA3D-5CE3-4F13-B25E-FB6073C19273}.Debug|x64.Build.0 = Debug|Any CPU
		{C534BA3D-5CE3-4F13-B25E-FB6073C19273}.Debug|x86.ActiveCfg = Debug|Any CPU
		{C534BA3D-5CE3-4F13-B25E-FB6073C19273}.Debug|x86.Build.0 = Debug|Any CPU
		{C534BA3D-5CE3-4F13-B25E-FB6073C19273}.Release|Any CPU.ActiveCfg = Release|Any CPU
		{C534BA3D-5CE3-4F13-B25E-FB6073C19273}.Release|Any CPU.Build.0 = Release|Any CPU
		{C534BA3D-5CE3-4F13-B25E-FB6073C19273}.Release|x64.ActiveCfg = Release|Any CPU
		{C534BA3D-5CE3-4F13-B25E-FB6073C19273}.Release|x64.Build.0 = Release|Any CPU
		{C534BA3D-5CE3-4F13-B25E-FB6073C19273}.Release|x86.ActiveCfg = Release|Any CPU
		{C534BA3D-5CE3-4F13-B25E-FB6073C19273}.Release|x86.Build.0 = Release|Any CPU
		{7C3204DD-F7C3-4DAB-9D88-B07B380BABD4}.Debug|Any CPU.ActiveCfg = Debug|Any CPU
		{7C3204DD-F7C3-4DAB-9D88-B07B380BABD4}.Debug|Any CPU.Build.0 = Debug|Any CPU
		{7C3204DD-F7C3-4DAB-9D88-B07B380BABD4}.Debug|x64.ActiveCfg = Debug|Any CPU
		{7C3204DD-F7C3-4DAB-9D88-B07B380BABD4}.Debug|x64.Build.0 = Debug|Any CPU
		{7C3204DD-F7C3-4DAB-9D88-B07B380BABD4}.Debug|x86.ActiveCfg = Debug|Any CPU
		{7C3204DD-F7C3-4DAB-9D88-B07B380BABD4}.Debug|x86.Build.0 = Debug|Any CPU
		{7C3204DD-F7C3-4DAB-9D88-B07B380BABD4}.Release|Any CPU.ActiveCfg = Release|Any CPU
		{7C3204DD-F7C3-4DAB-9D88-B07B380BABD4}.Release|Any CPU.Build.0 = Release|Any CPU
		{7C3204DD-F7C3-4DAB-9D88-B07B380BABD4}.Release|x64.ActiveCfg = Release|Any CPU
		{7C3204DD-F7C3-4DAB-9D88-B07B380BABD4}.Release|x64.Build.0 = Release|Any CPU
		{7C3204DD-F7C3-4DAB-9D88-B07B380BABD4}.Release|x86.ActiveCfg = Release|Any CPU
		{7C3204DD-F7C3-4DAB-9D88-B07B380BABD4}.Release|x86.Build.0 = Release|Any CPU
		{88E8B131-0A9D-4BDE-9ECE-55FCFDB5F62F}.Debug|Any CPU.ActiveCfg = Debug|Any CPU
		{88E8B131-0A9D-4BDE-9ECE-55FCFDB5F62F}.Debug|Any CPU.Build.0 = Debug|Any CPU
		{88E8B131-0A9D-4BDE-9ECE-55FCFDB5F62F}.Debug|x64.ActiveCfg = Debug|Any CPU
		{88E8B131-0A9D-4BDE-9ECE-55FCFDB5F62F}.Debug|x64.Build.0 = Debug|Any CPU
		{88E8B131-0A9D-4BDE-9ECE-55FCFDB5F62F}.Debug|x86.ActiveCfg = Debug|Any CPU
		{88E8B131-0A9D-4BDE-9ECE-55FCFDB5F62F}.Debug|x86.Build.0 = Debug|Any CPU
		{88E8B131-0A9D-4BDE-9ECE-55FCFDB5F62F}.Release|Any CPU.ActiveCfg = Release|Any CPU
		{88E8B131-0A9D-4BDE-9ECE-55FCFDB5F62F}.Release|Any CPU.Build.0 = Release|Any CPU
		{88E8B131-0A9D-4BDE-9ECE-55FCFDB5F62F}.Release|x64.ActiveCfg = Release|Any CPU
		{88E8B131-0A9D-4BDE-9ECE-55FCFDB5F62F}.Release|x64.Build.0 = Release|Any CPU
		{88E8B131-0A9D-4BDE-9ECE-55FCFDB5F62F}.Release|x86.ActiveCfg = Release|Any CPU
		{88E8B131-0A9D-4BDE-9ECE-55FCFDB5F62F}.Release|x86.Build.0 = Release|Any CPU
		{F9662147-08AE-4E23-8194-351F67032009}.Debug|Any CPU.ActiveCfg = Debug|Any CPU
		{F9662147-08AE-4E23-8194-351F67032009}.Debug|Any CPU.Build.0 = Debug|Any CPU
		{F9662147-08AE-4E23-8194-351F67032009}.Debug|x64.ActiveCfg = Debug|Any CPU
		{F9662147-08AE-4E23-8194-351F67032009}.Debug|x64.Build.0 = Debug|Any CPU
		{F9662147-08AE-4E23-8194-351F67032009}.Debug|x86.ActiveCfg = Debug|Any CPU
		{F9662147-08AE-4E23-8194-351F67032009}.Debug|x86.Build.0 = Debug|Any CPU
		{F9662147-08AE-4E23-8194-351F67032009}.Release|Any CPU.ActiveCfg = Release|Any CPU
		{F9662147-08AE-4E23-8194-351F67032009}.Release|Any CPU.Build.0 = Release|Any CPU
		{F9662147-08AE-4E23-8194-351F67032009}.Release|x64.ActiveCfg = Release|Any CPU
		{F9662147-08AE-4E23-8194-351F67032009}.Release|x64.Build.0 = Release|Any CPU
		{F9662147-08AE-4E23-8194-351F67032009}.Release|x86.ActiveCfg = Release|Any CPU
		{F9662147-08AE-4E23-8194-351F67032009}.Release|x86.Build.0 = Release|Any CPU
		{D3F1B9B4-6F97-4841-ADB9-65188E95FB4D}.Debug|Any CPU.ActiveCfg = Debug|Any CPU
		{D3F1B9B4-6F97-4841-ADB9-65188E95FB4D}.Debug|Any CPU.Build.0 = Debug|Any CPU
		{D3F1B9B4-6F97-4841-ADB9-65188E95FB4D}.Debug|x64.ActiveCfg = Debug|Any CPU
		{D3F1B9B4-6F97-4841-ADB9-65188E95FB4D}.Debug|x64.Build.0 = Debug|Any CPU
		{D3F1B9B4-6F97-4841-ADB9-65188E95FB4D}.Debug|x86.ActiveCfg = Debug|Any CPU
		{D3F1B9B4-6F97-4841-ADB9-65188E95FB4D}.Debug|x86.Build.0 = Debug|Any CPU
		{D3F1B9B4-6F97-4841-ADB9-65188E95FB4D}.Release|Any CPU.ActiveCfg = Release|Any CPU
		{D3F1B9B4-6F97-4841-ADB9-65188E95FB4D}.Release|Any CPU.Build.0 = Release|Any CPU
		{D3F1B9B4-6F97-4841-ADB9-65188E95FB4D}.Release|x64.ActiveCfg = Release|Any CPU
		{D3F1B9B4-6F97-4841-ADB9-65188E95FB4D}.Release|x64.Build.0 = Release|Any CPU
		{D3F1B9B4-6F97-4841-ADB9-65188E95FB4D}.Release|x86.ActiveCfg = Release|Any CPU
		{D3F1B9B4-6F97-4841-ADB9-65188E95FB4D}.Release|x86.Build.0 = Release|Any CPU
		{C2D38D3E-B6A8-4F5D-A34E-227134F11607}.Debug|Any CPU.ActiveCfg = Debug|Any CPU
		{C2D38D3E-B6A8-4F5D-A34E-227134F11607}.Debug|Any CPU.Build.0 = Debug|Any CPU
		{C2D38D3E-B6A8-4F5D-A34E-227134F11607}.Debug|x64.ActiveCfg = Debug|Any CPU
		{C2D38D3E-B6A8-4F5D-A34E-227134F11607}.Debug|x64.Build.0 = Debug|Any CPU
		{C2D38D3E-B6A8-4F5D-A34E-227134F11607}.Debug|x86.ActiveCfg = Debug|Any CPU
		{C2D38D3E-B6A8-4F5D-A34E-227134F11607}.Debug|x86.Build.0 = Debug|Any CPU
		{C2D38D3E-B6A8-4F5D-A34E-227134F11607}.Release|Any CPU.ActiveCfg = Release|Any CPU
		{C2D38D3E-B6A8-4F5D-A34E-227134F11607}.Release|Any CPU.Build.0 = Release|Any CPU
		{C2D38D3E-B6A8-4F5D-A34E-227134F11607}.Release|x64.ActiveCfg = Release|Any CPU
		{C2D38D3E-B6A8-4F5D-A34E-227134F11607}.Release|x64.Build.0 = Release|Any CPU
		{C2D38D3E-B6A8-4F5D-A34E-227134F11607}.Release|x86.ActiveCfg = Release|Any CPU
		{C2D38D3E-B6A8-4F5D-A34E-227134F11607}.Release|x86.Build.0 = Release|Any CPU
		{1899A528-6616-484B-8A93-5CD43E33A4B8}.Debug|Any CPU.ActiveCfg = Debug|Any CPU
		{1899A528-6616-484B-8A93-5CD43E33A4B8}.Debug|Any CPU.Build.0 = Debug|Any CPU
		{1899A528-6616-484B-8A93-5CD43E33A4B8}.Debug|x64.ActiveCfg = Debug|Any CPU
		{1899A528-6616-484B-8A93-5CD43E33A4B8}.Debug|x64.Build.0 = Debug|Any CPU
		{1899A528-6616-484B-8A93-5CD43E33A4B8}.Debug|x86.ActiveCfg = Debug|Any CPU
		{1899A528-6616-484B-8A93-5CD43E33A4B8}.Debug|x86.Build.0 = Debug|Any CPU
		{1899A528-6616-484B-8A93-5CD43E33A4B8}.Release|Any CPU.ActiveCfg = Release|Any CPU
		{1899A528-6616-484B-8A93-5CD43E33A4B8}.Release|Any CPU.Build.0 = Release|Any CPU
		{1899A528-6616-484B-8A93-5CD43E33A4B8}.Release|x64.ActiveCfg = Release|Any CPU
		{1899A528-6616-484B-8A93-5CD43E33A4B8}.Release|x64.Build.0 = Release|Any CPU
		{1899A528-6616-484B-8A93-5CD43E33A4B8}.Release|x86.ActiveCfg = Release|Any CPU
		{1899A528-6616-484B-8A93-5CD43E33A4B8}.Release|x86.Build.0 = Release|Any CPU
		{8FC5B9C1-5B5C-4B0D-9485-1E100807E888}.Debug|Any CPU.ActiveCfg = Debug|Any CPU
		{8FC5B9C1-5B5C-4B0D-9485-1E100807E888}.Debug|Any CPU.Build.0 = Debug|Any CPU
		{8FC5B9C1-5B5C-4B0D-9485-1E100807E888}.Debug|x64.ActiveCfg = Debug|Any CPU
		{8FC5B9C1-5B5C-4B0D-9485-1E100807E888}.Debug|x64.Build.0 = Debug|Any CPU
		{8FC5B9C1-5B5C-4B0D-9485-1E100807E888}.Debug|x86.ActiveCfg = Debug|Any CPU
		{8FC5B9C1-5B5C-4B0D-9485-1E100807E888}.Debug|x86.Build.0 = Debug|Any CPU
		{8FC5B9C1-5B5C-4B0D-9485-1E100807E888}.Release|Any CPU.ActiveCfg = Release|Any CPU
		{8FC5B9C1-5B5C-4B0D-9485-1E100807E888}.Release|Any CPU.Build.0 = Release|Any CPU
		{8FC5B9C1-5B5C-4B0D-9485-1E100807E888}.Release|x64.ActiveCfg = Release|Any CPU
		{8FC5B9C1-5B5C-4B0D-9485-1E100807E888}.Release|x64.Build.0 = Release|Any CPU
		{8FC5B9C1-5B5C-4B0D-9485-1E100807E888}.Release|x86.ActiveCfg = Release|Any CPU
		{8FC5B9C1-5B5C-4B0D-9485-1E100807E888}.Release|x86.Build.0 = Release|Any CPU
		{BA466B5D-0E51-4566-8013-04375DC192BE}.Debug|Any CPU.ActiveCfg = Debug|Any CPU
		{BA466B5D-0E51-4566-8013-04375DC192BE}.Debug|Any CPU.Build.0 = Debug|Any CPU
		{BA466B5D-0E51-4566-8013-04375DC192BE}.Debug|x64.ActiveCfg = Debug|Any CPU
		{BA466B5D-0E51-4566-8013-04375DC192BE}.Debug|x64.Build.0 = Debug|Any CPU
		{BA466B5D-0E51-4566-8013-04375DC192BE}.Debug|x86.ActiveCfg = Debug|Any CPU
		{BA466B5D-0E51-4566-8013-04375DC192BE}.Debug|x86.Build.0 = Debug|Any CPU
		{BA466B5D-0E51-4566-8013-04375DC192BE}.Release|Any CPU.ActiveCfg = Release|Any CPU
		{BA466B5D-0E51-4566-8013-04375DC192BE}.Release|Any CPU.Build.0 = Release|Any CPU
		{BA466B5D-0E51-4566-8013-04375DC192BE}.Release|x64.ActiveCfg = Release|Any CPU
		{BA466B5D-0E51-4566-8013-04375DC192BE}.Release|x64.Build.0 = Release|Any CPU
		{BA466B5D-0E51-4566-8013-04375DC192BE}.Release|x86.ActiveCfg = Release|Any CPU
		{BA466B5D-0E51-4566-8013-04375DC192BE}.Release|x86.Build.0 = Release|Any CPU
	EndGlobalSection
	GlobalSection(SolutionProperties) = preSolution
		HideSolutionNode = FALSE
	EndGlobalSection
	GlobalSection(NestedProjects) = preSolution
		{AC259F21-6DEC-4837-A07A-208D8D3079E3} = {02EA681E-C7D8-13C7-8484-4AC65E1B71E8}
		{F0C73031-DB58-4A82-93F6-48EEE0381CBD} = {02EA681E-C7D8-13C7-8484-4AC65E1B71E8}
		{3458B760-73AA-4E53-98A6-8192C227E69A} = {02EA681E-C7D8-13C7-8484-4AC65E1B71E8}
		{F7CB0B49-23C8-4A46-ADDD-134583A1BACF} = {02EA681E-C7D8-13C7-8484-4AC65E1B71E8}
		{C534BA3D-5CE3-4F13-B25E-FB6073C19273} = {F7CB0B49-23C8-4A46-ADDD-134583A1BACF}
		{7C3204DD-F7C3-4DAB-9D88-B07B380BABD4} = {F7CB0B49-23C8-4A46-ADDD-134583A1BACF}
		{88E8B131-0A9D-4BDE-9ECE-55FCFDB5F62F} = {AC259F21-6DEC-4837-A07A-208D8D3079E3}
		{F9662147-08AE-4E23-8194-351F67032009} = {AC259F21-6DEC-4837-A07A-208D8D3079E3}
		{D3F1B9B4-6F97-4841-ADB9-65188E95FB4D} = {AC259F21-6DEC-4837-A07A-208D8D3079E3}
		{77C0D819-B13A-4B85-9F06-751612CEBDC4} = {F0C73031-DB58-4A82-93F6-48EEE0381CBD}
		{C2D38D3E-B6A8-4F5D-A34E-227134F11607} = {77C0D819-B13A-4B85-9F06-751612CEBDC4}
		{1899A528-6616-484B-8A93-5CD43E33A4B8} = {3458B760-73AA-4E53-98A6-8192C227E69A}
		{8FC5B9C1-5B5C-4B0D-9485-1E100807E888} = {3458B760-73AA-4E53-98A6-8192C227E69A}
		{BA466B5D-0E51-4566-8013-04375DC192BE} = {DFEE68D8-A7D0-1A41-506C-9B74AA9A7B7B}
	EndGlobalSection
	GlobalSection(ExtensibilityGlobals) = postSolution
		SolutionGuid = {4D4F8B92-6F08-471A-83B7-0BA230FBED6E}
	EndGlobalSection
EndGlobal
